// !$*UTF8*$!
{
	archiveVersion = 1;
	classes = {
	};
	objectVersion = 56;
	objects = {

/* Begin PBXBuildFile section */
		46E265CC2B1BE6D5005FA756 /* AppDelegate.swift in Sources */ = {isa = PBXBuildFile; fileRef = 46E265CB2B1BE6D5005FA756 /* AppDelegate.swift */; };
		46E265CE2B1BE6D5005FA756 /* SceneDelegate.swift in Sources */ = {isa = PBXBuildFile; fileRef = 46E265CD2B1BE6D5005FA756 /* SceneDelegate.swift */; };
		46E265D02B1BE6D5005FA756 /* ViewController.swift in Sources */ = {isa = PBXBuildFile; fileRef = 46E265CF2B1BE6D5005FA756 /* ViewController.swift */; };
		46E265D32B1BE6D5005FA756 /* Main.storyboard in Resources */ = {isa = PBXBuildFile; fileRef = 46E265D12B1BE6D5005FA756 /* Main.storyboard */; };
		46E265D52B1BE6D7005FA756 /* Assets.xcassets in Resources */ = {isa = PBXBuildFile; fileRef = 46E265D42B1BE6D7005FA756 /* Assets.xcassets */; };
		46E265D82B1BE6D7005FA756 /* LaunchScreen.storyboard in Resources */ = {isa = PBXBuildFile; fileRef = 46E265D62B1BE6D7005FA756 /* LaunchScreen.storyboard */; };
		46E265E12B1BE91A005FA756 /* SeattleTableViewCell.swift in Sources */ = {isa = PBXBuildFile; fileRef = 46E265DF2B1BE91A005FA756 /* SeattleTableViewCell.swift */; };
		46E265E22B1BE91A005FA756 /* SeattleTableViewCell.xib in Resources */ = {isa = PBXBuildFile; fileRef = 46E265E02B1BE91A005FA756 /* SeattleTableViewCell.xib */; };
/* End PBXBuildFile section */

/* Begin PBXFileReference section */
		46E265C82B1BE6D5005FA756 /* Seattle.app */ = {isa = PBXFileReference; explicitFileType = wrapper.application; includeInIndex = 0; path = Seattle.app; sourceTree = BUILT_PRODUCTS_DIR; };
		46E265CB2B1BE6D5005FA756 /* AppDelegate.swift */ = {isa = PBXFileReference; lastKnownFileType = sourcecode.swift; path = AppDelegate.swift; sourceTree = "<group>"; };
		46E265CD2B1BE6D5005FA756 /* SceneDelegate.swift */ = {isa = PBXFileReference; lastKnownFileType = sourcecode.swift; path = SceneDelegate.swift; sourceTree = "<group>"; };
		46E265CF2B1BE6D5005FA756 /* ViewController.swift */ = {isa = PBXFileReference; lastKnownFileType = sourcecode.swift; path = ViewController.swift; sourceTree = "<group>"; };
		46E265D22B1BE6D5005FA756 /* Base */ = {isa = PBXFileReference; lastKnownFileType = file.storyboard; name = Base; path = Base.lproj/Main.storyboard; sourceTree = "<group>"; };
		46E265D42B1BE6D7005FA756 /* Assets.xcassets */ = {isa = PBXFileReference; lastKnownFileType = folder.assetcatalog; path = Assets.xcassets; sourceTree = "<group>"; };
		46E265D72B1BE6D7005FA756 /* Base */ = {isa = PBXFileReference; lastKnownFileType = file.storyboard; name = Base; path = Base.lproj/LaunchScreen.storyboard; sourceTree = "<group>"; };
		46E265D92B1BE6D7005FA756 /* Info.plist */ = {isa = PBXFileReference; lastKnownFileType = text.plist.xml; path = Info.plist; sourceTree = "<group>"; };
		46E265DF2B1BE91A005FA756 /* SeattleTableViewCell.swift */ = {isa = PBXFileReference; lastKnownFileType = sourcecode.swift; path = SeattleTableViewCell.swift; sourceTree = "<group>"; };
		46E265E02B1BE91A005FA756 /* SeattleTableViewCell.xib */ = {isa = PBXFileReference; lastKnownFileType = file.xib; path = SeattleTableViewCell.xib; sourceTree = "<group>"; };
/* End PBXFileReference section */

/* Begin PBXFrameworksBuildPhase section */
		46E265C52B1BE6D5005FA756 /* Frameworks */ = {
			isa = PBXFrameworksBuildPhase;
			buildActionMask = 2147483647;
			files = (
			);
			runOnlyForDeploymentPostprocessing = 0;
		};
/* End PBXFrameworksBuildPhase section */

/* Begin PBXGroup section */
		46E265BF2B1BE6D5005FA756 = {
			isa = PBXGroup;
			children = (
				46E265CA2B1BE6D5005FA756 /* Seattle */,
				46E265C92B1BE6D5005FA756 /* Products */,
			);
			sourceTree = "<group>";
		};
		46E265C92B1BE6D5005FA756 /* Products */ = {
			isa = PBXGroup;
			children = (
				46E265C82B1BE6D5005FA756 /* Seattle.app */,
			);
			name = Products;
			sourceTree = "<group>";
		};
		46E265CA2B1BE6D5005FA756 /* Seattle */ = {
			isa = PBXGroup;
			children = (
				46E265CB2B1BE6D5005FA756 /* AppDelegate.swift */,
				46E265CD2B1BE6D5005FA756 /* SceneDelegate.swift */,
				46E265CF2B1BE6D5005FA756 /* ViewController.swift */,
				46E265D12B1BE6D5005FA756 /* Main.storyboard */,
				46E265D42B1BE6D7005FA756 /* Assets.xcassets */,
				46E265D62B1BE6D7005FA756 /* LaunchScreen.storyboard */,
				46E265D92B1BE6D7005FA756 /* Info.plist */,
				46E265DF2B1BE91A005FA756 /* SeattleTableViewCell.swift */,
				46E265E02B1BE91A005FA756 /* SeattleTableViewCell.xib */,
			);
			path = Seattle;
			sourceTree = "<group>";
		};
/* End PBXGroup section */

/* Begin PBXNativeTarget section */
		46E265C72B1BE6D5005FA756 /* Seattle */ = {
			isa = PBXNativeTarget;
			buildConfigurationList = 46E265DC2B1BE6D7005FA756 /* Build configuration list for PBXNativeTarget "Seattle" */;
			buildPhases = (
				46E265C42B1BE6D5005FA756 /* Sources */,
				46E265C52B1BE6D5005FA756 /* Frameworks */,
				46E265C62B1BE6D5005FA756 /* Resources */,
			);
			buildRules = (
			);
			dependencies = (
			);
			name = Seattle;
			productName = MerryChristmas;
			productReference = 46E265C82B1BE6D5005FA756 /* Seattle.app */;
			productType = "com.apple.product-type.application";
		};
/* End PBXNativeTarget section */

/* Begin PBXProject section */
		46E265C02B1BE6D5005FA756 /* Project object */ = {
			isa = PBXProject;
			attributes = {
				BuildIndependentTargetsInParallel = 1;
				LastSwiftUpdateCheck = 1500;
				LastUpgradeCheck = 1500;
				TargetAttributes = {
					46E265C72B1BE6D5005FA756 = {
						CreatedOnToolsVersion = 15.0.1;
					};
				};
			};
			buildConfigurationList = 46E265C32B1BE6D5005FA756 /* Build configuration list for PBXProject "Seattle" */;
			compatibilityVersion = "Xcode 14.0";
			developmentRegion = en;
			hasScannedForEncodings = 0;
			knownRegions = (
				en,
				Base,
			);
			mainGroup = 46E265BF2B1BE6D5005FA756;
			productRefGroup = 46E265C92B1BE6D5005FA756 /* Products */;
			projectDirPath = "";
			projectRoot = "";
			targets = (
				46E265C72B1BE6D5005FA756 /* Seattle */,
			);
		};
/* End PBXProject section */

/* Begin PBXResourcesBuildPhase section */
		46E265C62B1BE6D5005FA756 /* Resources */ = {
			isa = PBXResourcesBuildPhase;
			buildActionMask = 2147483647;
			files = (
				46E265E22B1BE91A005FA756 /* SeattleTableViewCell.xib in Resources */,
				46E265D82B1BE6D7005FA756 /* LaunchScreen.storyboard in Resources */,
				46E265D52B1BE6D7005FA756 /* Assets.xcassets in Resources */,
				46E265D32B1BE6D5005FA756 /* Main.storyboard in Resources */,
			);
			runOnlyForDeploymentPostprocessing = 0;
		};
/* End PBXResourcesBuildPhase section */

/* Begin PBXSourcesBuildPhase section */
		46E265C42B1BE6D5005FA756 /* Sources */ = {
			isa = PBXSourcesBuildPhase;
			buildActionMask = 2147483647;
			files = (
				46E265E12B1BE91A005FA756 /* SeattleTableViewCell.swift in Sources */,
				46E265D02B1BE6D5005FA756 /* ViewController.swift in Sources */,
				46E265CC2B1BE6D5005FA756 /* AppDelegate.swift in Sources */,
				46E265CE2B1BE6D5005FA756 /* SceneDelegate.swift in Sources */,
			);
			runOnlyForDeploymentPostprocessing = 0;
		};
/* End PBXSourcesBuildPhase section */

/* Begin PBXVariantGroup section */
		46E265D12B1BE6D5005FA756 /* Main.storyboard */ = {
			isa = PBXVariantGroup;
			children = (
				46E265D22B1BE6D5005FA756 /* Base */,
			);
			name = Main.storyboard;
			sourceTree = "<group>";
		};
		46E265D62B1BE6D7005FA756 /* LaunchScreen.storyboard */ = {
			isa = PBXVariantGroup;
			children = (
				46E265D72B1BE6D7005FA756 /* Base */,
			);
			name = LaunchScreen.storyboard;
			sourceTree = "<group>";
		};
/* End PBXVariantGroup section */

/* Begin XCBuildConfiguration section */
		46E265DA2B1BE6D7005FA756 /* Debug */ = {
			isa = XCBuildConfiguration;
			buildSettings = {
				ALWAYS_SEARCH_USER_PATHS = NO;
				ASSETCATALOG_COMPILER_GENERATE_SWIFT_ASSET_SYMBOL_EXTENSIONS = YES;
				CLANG_ANALYZER_NONNULL = YES;
				CLANG_ANALYZER_NUMBER_OBJECT_CONVERSION = YES_AGGRESSIVE;
				CLANG_CXX_LANGUAGE_STANDARD = "gnu++20";
				CLANG_ENABLE_MODULES = YES;
				CLANG_ENABLE_OBJC_ARC = YES;
				CLANG_ENABLE_OBJC_WEAK = YES;
				CLANG_WARN_BLOCK_CAPTURE_AUTORELEASING = YES;
				CLANG_WARN_BOOL_CONVERSION = YES;
				CLANG_WARN_COMMA = YES;
				CLANG_WARN_CONSTANT_CONVERSION = YES;
				CLANG_WARN_DEPRECATED_OBJC_IMPLEMENTATIONS = YES;
				CLANG_WARN_DIRECT_OBJC_ISA_USAGE = YES_ERROR;
				CLANG_WARN_DOCUMENTATION_COMMENTS = YES;
				CLANG_WARN_EMPTY_BODY = YES;
				CLANG_WARN_ENUM_CONVERSION = YES;
				CLANG_WARN_INFINITE_RECURSION = YES;
				CLANG_WARN_INT_CONVERSION = YES;
				CLANG_WARN_NON_LITERAL_NULL_CONVERSION = YES;
				CLANG_WARN_OBJC_IMPLICIT_RETAIN_SELF = YES;
				CLANG_WARN_OBJC_LITERAL_CONVERSION = YES;
				CLANG_WARN_OBJC_ROOT_CLASS = YES_ERROR;
				CLANG_WARN_QUOTED_INCLUDE_IN_FRAMEWORK_HEADER = YES;
				CLANG_WARN_RANGE_LOOP_ANALYSIS = YES;
				CLANG_WARN_STRICT_PROTOTYPES = YES;
				CLANG_WARN_SUSPICIOUS_MOVE = YES;
				CLANG_WARN_UNGUARDED_AVAILABILITY = YES_AGGRESSIVE;
				CLANG_WARN_UNREACHABLE_CODE = YES;
				CLANG_WARN__DUPLICATE_METHOD_MATCH = YES;
				COPY_PHASE_STRIP = NO;
				DEBUG_INFORMATION_FORMAT = dwarf;
				ENABLE_STRICT_OBJC_MSGSEND = YES;
				ENABLE_TESTABILITY = YES;
				ENABLE_USER_SCRIPT_SANDBOXING = YES;
				GCC_C_LANGUAGE_STANDARD = gnu17;
				GCC_DYNAMIC_NO_PIC = NO;
				GCC_NO_COMMON_BLOCKS = YES;
				GCC_OPTIMIZATION_LEVEL = 0;
				GCC_PREPROCESSOR_DEFINITIONS = (
					"DEBUG=1",
					"$(inherited)",
				);
				GCC_WARN_64_TO_32_BIT_CONVERSION = YES;
				GCC_WARN_ABOUT_RETURN_TYPE = YES_ERROR;
				GCC_WARN_UNDECLARED_SELECTOR = YES;
				GCC_WARN_UNINITIALIZED_AUTOS = YES_AGGRESSIVE;
				GCC_WARN_UNUSED_FUNCTION = YES;
				GCC_WARN_UNUSED_VARIABLE = YES;
				IPHONEOS_DEPLOYMENT_TARGET = 17.0;
				LOCALIZATION_PREFERS_STRING_CATALOGS = YES;
				MTL_ENABLE_DEBUG_INFO = INCLUDE_SOURCE;
				MTL_FAST_MATH = YES;
				ONLY_ACTIVE_ARCH = YES;
				SDKROOT = iphoneos;
				SWIFT_ACTIVE_COMPILATION_CONDITIONS = "DEBUG $(inherited)";
				SWIFT_OPTIMIZATION_LEVEL = "-Onone";
			};
			name = Debug;
		};
		46E265DB2B1BE6D7005FA756 /* Release */ = {
			isa = XCBuildConfiguration;
			buildSettings = {
				ALWAYS_SEARCH_USER_PATHS = NO;
				ASSETCATALOG_COMPILER_GENERATE_SWIFT_ASSET_SYMBOL_EXTENSIONS = YES;
				CLANG_ANALYZER_NONNULL = YES;
				CLANG_ANALYZER_NUMBER_OBJECT_CONVERSION = YES_AGGRESSIVE;
				CLANG_CXX_LANGUAGE_STANDARD = "gnu++20";
				CLANG_ENABLE_MODULES = YES;
				CLANG_ENABLE_OBJC_ARC = YES;
				CLANG_ENABLE_OBJC_WEAK = YES;
				CLANG_WARN_BLOCK_CAPTURE_AUTORELEASING = YES;
				CLANG_WARN_BOOL_CONVERSION = YES;
				CLANG_WARN_COMMA = YES;
				CLANG_WARN_CONSTANT_CONVERSION = YES;
				CLANG_WARN_DEPRECATED_OBJC_IMPLEMENTATIONS = YES;
				CLANG_WARN_DIRECT_OBJC_ISA_USAGE = YES_ERROR;
				CLANG_WARN_DOCUMENTATION_COMMENTS = YES;
				CLANG_WARN_EMPTY_BODY = YES;
				CLANG_WARN_ENUM_CONVERSION = YES;
				CLANG_WARN_INFINITE_RECURSION = YES;
				CLANG_WARN_INT_CONVERSION = YES;
				CLANG_WARN_NON_LITERAL_NULL_CONVERSION = YES;
				CLANG_WARN_OBJC_IMPLICIT_RETAIN_SELF = YES;
				CLANG_WARN_OBJC_LITERAL_CONVERSION = YES;
				CLANG_WARN_OBJC_ROOT_CLASS = YES_ERROR;
				CLANG_WARN_QUOTED_INCLUDE_IN_FRAMEWORK_HEADER = YES;
				CLANG_WARN_RANGE_LOOP_ANALYSIS = YES;
				CLANG_WARN_STRICT_PROTOTYPES = YES;
				CLANG_WARN_SUSPICIOUS_MOVE = YES;
				CLANG_WARN_UNGUARDED_AVAILABILITY = YES_AGGRESSIVE;
				CLANG_WARN_UNREACHABLE_CODE = YES;
				CLANG_WARN__DUPLICATE_METHOD_MATCH = YES;
				COPY_PHASE_STRIP = NO;
				DEBUG_INFORMATION_FORMAT = "dwarf-with-dsym";
				ENABLE_NS_ASSERTIONS = NO;
				ENABLE_STRICT_OBJC_MSGSEND = YES;
				ENABLE_USER_SCRIPT_SANDBOXING = YES;
				GCC_C_LANGUAGE_STANDARD = gnu17;
				GCC_NO_COMMON_BLOCKS = YES;
				GCC_WARN_64_TO_32_BIT_CONVERSION = YES;
				GCC_WARN_ABOUT_RETURN_TYPE = YES_ERROR;
				GCC_WARN_UNDECLARED_SELECTOR = YES;
				GCC_WARN_UNINITIALIZED_AUTOS = YES_AGGRESSIVE;
				GCC_WARN_UNUSED_FUNCTION = YES;
				GCC_WARN_UNUSED_VARIABLE = YES;
				IPHONEOS_DEPLOYMENT_TARGET = 17.0;
				LOCALIZATION_PREFERS_STRING_CATALOGS = YES;
				MTL_ENABLE_DEBUG_INFO = NO;
				MTL_FAST_MATH = YES;
				SDKROOT = iphoneos;
				SWIFT_COMPILATION_MODE = wholemodule;
				VALIDATE_PRODUCT = YES;
			};
			name = Release;
		};
		46E265DD2B1BE6D7005FA756 /* Debug */ = {
			isa = XCBuildConfiguration;
			buildSettings = {
				ASSETCATALOG_COMPILER_APPICON_NAME = AppIcon;
				ASSETCATALOG_COMPILER_GLOBAL_ACCENT_COLOR_NAME = AccentColor;
				ASSETCATALOG_COMPILER_INCLUDE_ALL_APPICON_ASSETS = YES;
				CODE_SIGN_STYLE = Automatic;
				CURRENT_PROJECT_VERSION = 1;
				DEVELOPMENT_TEAM = 267394KZJ5;
				GENERATE_INFOPLIST_FILE = YES;
				INFOPLIST_FILE = Seattle/Info.plist;
				INFOPLIST_KEY_CFBundleDisplayName = Seattle;
				INFOPLIST_KEY_UIApplicationSupportsIndirectInputEvents = YES;
				INFOPLIST_KEY_UILaunchStoryboardName = LaunchScreen;
				INFOPLIST_KEY_UIMainStoryboardFile = Main;
				INFOPLIST_KEY_UISupportedInterfaceOrientations_iPad = "UIInterfaceOrientationPortrait UIInterfaceOrientationPortraitUpsideDown UIInterfaceOrientationLandscapeLeft UIInterfaceOrientationLandscapeRight";
				INFOPLIST_KEY_UISupportedInterfaceOrientations_iPhone = "UIInterfaceOrientationPortrait UIInterfaceOrientationLandscapeLeft UIInterfaceOrientationLandscapeRight";
				LD_RUNPATH_SEARCH_PATHS = (
					"$(inherited)",
					"@executable_path/Frameworks",
				);
				MARKETING_VERSION = 1.0;
				PRODUCT_BUNDLE_IDENTIFIER = JX.edu;
				PRODUCT_NAME = "$(TARGET_NAME)";
				SWIFT_EMIT_LOC_STRINGS = YES;
				SWIFT_VERSION = 5.0;
				TARGETED_DEVICE_FAMILY = "1,2";
			};
			name = Debug;
		};
		46E265DE2B1BE6D7005FA756 /* Release */ = {
			isa = XCBuildConfiguration;
			buildSettings = {
				ASSETCATALOG_COMPILER_APPICON_NAME = AppIcon;
				ASSETCATALOG_COMPILER_GLOBAL_ACCENT_COLOR_NAME = AccentColor;
				ASSETCATALOG_COMPILER_INCLUDE_ALL_APPICON_ASSETS = YES;
				CODE_SIGN_STYLE = Automatic;
				CURRENT_PROJECT_VERSION = 1;
				DEVELOPMENT_TEAM = 267394KZJ5;
				GENERATE_INFOPLIST_FILE = YES;
				INFOPLIST_FILE = Seattle/Info.plist;
				INFOPLIST_KEY_CFBundleDisplayName = Seattle;
				INFOPLIST_KEY_UIApplicationSupportsIndirectInputEvents = YES;
				INFOPLIST_KEY_UILaunchStoryboardName = LaunchScreen;
				INFOPLIST_KEY_UIMainStoryboardFile = Main;
				INFOPLIST_KEY_UISupportedInterfaceOrientations_iPad = "UIInterfaceOrientationPortrait UIInterfaceOrientationPortraitUpsideDown UIInterfaceOrientationLandscapeLeft UIInterfaceOrientationLandscapeRight";
				INFOPLIST_KEY_UISupportedInterfaceOrientations_iPhone = "UIInterfaceOrientationPortrait UIInterfaceOrientationLandscapeLeft UIInterfaceOrientationLandscapeRight";
				LD_RUNPATH_SEARCH_PATHS = (
					"$(inherited)",
					"@executable_path/Frameworks",
				);
				MARKETING_VERSION = 1.0;
				PRODUCT_BUNDLE_IDENTIFIER = JX.edu;
				PRODUCT_NAME = "$(TARGET_NAME)";
				SWIFT_EMIT_LOC_STRINGS = YES;
				SWIFT_VERSION = 5.0;
				TARGETED_DEVICE_FAMILY = "1,2";
			};
			name = Release;
		};
/* End XCBuildConfiguration section */

/* Begin XCConfigurationList section */
		46E265C32B1BE6D5005FA756 /* Build configuration list for PBXProject "Seattle" */ = {
			isa = XCConfigurationList;
			buildConfigurations = (
				46E265DA2B1BE6D7005FA756 /* Debug */,
				46E265DB2B1BE6D7005FA756 /* Release */,
			);
			defaultConfigurationIsVisible = 0;
			defaultConfigurationName = Release;
		};
		46E265DC2B1BE6D7005FA756 /* Build configuration list for PBXNativeTarget "Seattle" */ = {
			isa = XCConfigurationList;
			buildConfigurations = (
				46E265DD2B1BE6D7005FA756 /* Debug */,
				46E265DE2B1BE6D7005FA756 /* Release */,
			);
			defaultConfigurationIsVisible = 0;
			defaultConfigurationName = Release;
		};
/* End XCConfigurationList section */
	};
	rootObject = 46E265C02B1BE6D5005FA756 /* Project object */;
}
